schema: '2.0'
stages:
  train:
    cmd: python model/train_model.py
    deps:
    - path: model/products.csv
      hash: md5
      md5: 5ad743349f687604f149af59af4edc79
      size: 962
    - path: model/train_model.py
      hash: md5
      md5: 33f78fe70b760c78931f208a1f32fa32
      size: 5362
    params:
      params.yaml:
        model.metric: cosine
        model.n_neighbors: 6
        model.top_k: 3
    outs:
    - path: model/metrics.json
      hash: md5
      md5: cb01d6f238595e269c6356400da50fe5
      size: 160
    - path: model/model_metadata.json
      hash: md5
      md5: 775c4fbad35a17d3116b9e22792b09b1
      size: 462
    - path: model/recommendation_model.pkl
      hash: md5
      md5: f6294e426702cf7da1957295cf22e4a9
      size: 6587
